
Microsoft Visual Studio Solution File, Format Version 12.00
# Visual Studio 2013
VisualStudioVersion = 12.0.31101.0
MinimumVisualStudioVersion = 10.0.40219.1
Project("{FAE04EC0-301F-11D3-BF4B-00C04F79EFBC}") = "ProjectHotelWeb", "ProjectHotelWeb\ProjectHotelWeb.csproj", "{421EF7D4-55FE-4AFC-AA5D-BAEB359B41D3}"
EndProject
Project("{FAE04EC0-301F-11D3-BF4B-00C04F79EFBC}") = "Dominio", "Dominio\Dominio.csproj", "{0CAB24AA-EF68-4D4A-8BEC-E2F231A2A273}"
EndProject
Project("{FAE04EC0-301F-11D3-BF4B-00C04F79EFBC}") = "Infraestrutura", "Infraestrutura\Infraestrutura.csproj", "{11FD1F1D-54BB-4D17-B251-20782F38E441}"
EndProject
Global
	GlobalSection(SolutionConfigurationPlatforms) = preSolution
		Debug|Any CPU = Debug|Any CPU
		Release|Any CPU = Release|Any CPU
	EndGlobalSection
	GlobalSection(ProjectConfigurationPlatforms) = postSolution
		{421EF7D4-55FE-4AFC-AA5D-BAEB359B41D3}.Debug|Any CPU.ActiveCfg = Debug|Any CPU
		{421EF7D4-55FE-4AFC-AA5D-BAEB359B41D3}.Debug|Any CPU.Build.0 = Debug|Any CPU
		{421EF7D4-55FE-4AFC-AA5D-BAEB359B41D3}.Release|Any CPU.ActiveCfg = Release|Any CPU
		{421EF7D4-55FE-4AFC-AA5D-BAEB359B41D3}.Release|Any CPU.Build.0 = Release|Any CPU
		{0CAB24AA-EF68-4D4A-8BEC-E2F231A2A273}.Debug|Any CPU.ActiveCfg = Debug|Any CPU
		{0CAB24AA-EF68-4D4A-8BEC-E2F231A2A273}.Debug|Any CPU.Build.0 = Debug|Any CPU
		{0CAB24AA-EF68-4D4A-8BEC-E2F231A2A273}.Release|Any CPU.ActiveCfg = Release|Any CPU
		{0CAB24AA-EF68-4D4A-8BEC-E2F231A2A273}.Release|Any CPU.Build.0 = Release|Any CPU
		{11FD1F1D-54BB-4D17-B251-20782F38E441}.Debug|Any CPU.ActiveCfg = Debug|Any CPU
		{11FD1F1D-54BB-4D17-B251-20782F38E441}.Debug|Any CPU.Build.0 = Debug|Any CPU
		{11FD1F1D-54BB-4D17-B251-20782F38E441}.Release|Any CPU.ActiveCfg = Release|Any CPU
		{11FD1F1D-54BB-4D17-B251-20782F38E441}.Release|Any CPU.Build.0 = Release|Any CPU
	EndGlobalSection
	GlobalSection(SolutionProperties) = preSolution
		HideSolutionNode = FALSE
	EndGlobalSection
EndGlobal
